
Microsoft Visual Studio Solution File, Format Version 12.00
# Visual Studio Version 17
VisualStudioVersion = 17.11.35327.3
MinimumVisualStudioVersion = 10.0.40219.1
Project("{9A19103F-16F7-4668-BE54-9A1E7A4F7556}") = "многопоточность", "многопоточность\многопоточность.csproj", "{1AD0C70D-B31F-4D7A-9D42-C26C960CB34F}"
EndProject
Project("{FAE04EC0-301F-11D3-BF4B-00C04F79EFBC}") = "семафоры", "семафоры\семафоры.csproj", "{4BC094AF-9EA2-46A8-BEAD-749FB4ED27D1}"
EndProject
Global
	GlobalSection(SolutionConfigurationPlatforms) = preSolution
		Debug|Any CPU = Debug|Any CPU
		Release|Any CPU = Release|Any CPU
	EndGlobalSection
	GlobalSection(ProjectConfigurationPlatforms) = postSolution
		{1AD0C70D-B31F-4D7A-9D42-C26C960CB34F}.Debug|Any CPU.ActiveCfg = Debug|Any CPU
		{1AD0C70D-B31F-4D7A-9D42-C26C960CB34F}.Debug|Any CPU.Build.0 = Debug|Any CPU
		{1AD0C70D-B31F-4D7A-9D42-C26C960CB34F}.Release|Any CPU.ActiveCfg = Release|Any CPU
		{1AD0C70D-B31F-4D7A-9D42-C26C960CB34F}.Release|Any CPU.Build.0 = Release|Any CPU
		{4BC094AF-9EA2-46A8-BEAD-749FB4ED27D1}.Debug|Any CPU.ActiveCfg = Debug|Any CPU
		{4BC094AF-9EA2-46A8-BEAD-749FB4ED27D1}.Debug|Any CPU.Build.0 = Debug|Any CPU
		{4BC094AF-9EA2-46A8-BEAD-749FB4ED27D1}.Release|Any CPU.ActiveCfg = Release|Any CPU
		{4BC094AF-9EA2-46A8-BEAD-749FB4ED27D1}.Release|Any CPU.Build.0 = Release|Any CPU
	EndGlobalSection
	GlobalSection(SolutionProperties) = preSolution
		HideSolutionNode = FALSE
	EndGlobalSection
	GlobalSection(ExtensibilityGlobals) = postSolution
		SolutionGuid = {4C2D8FFC-EA74-4424-B1D5-DBA016EAC93F}
	EndGlobalSection
EndGlobal
